// !$*UTF8*$!
{
	archiveVersion = 1;
	classes = {
	};
	objectVersion = 56;
	objects = {

/* Begin PBXBuildFile section */
		6ACD806629E973360077ED9C /* AppDelegate.swift in Sources */ = {isa = PBXBuildFile; fileRef = 6ACD806529E973360077ED9C /* AppDelegate.swift */; };
		6ACD806829E973360077ED9C /* SceneDelegate.swift in Sources */ = {isa = PBXBuildFile; fileRef = 6ACD806729E973360077ED9C /* SceneDelegate.swift */; };
		6ACD806A29E973360077ED9C /* ViewController.swift in Sources */ = {isa = PBXBuildFile; fileRef = 6ACD806929E973360077ED9C /* ViewController.swift */; };
		6ACD806D29E973360077ED9C /* Main.storyboard in Resources */ = {isa = PBXBuildFile; fileRef = 6ACD806B29E973360077ED9C /* Main.storyboard */; };
		6ACD806F29E973370077ED9C /* Assets.xcassets in Resources */ = {isa = PBXBuildFile; fileRef = 6ACD806E29E973370077ED9C /* Assets.xcassets */; };
		6ACD807229E973370077ED9C /* LaunchScreen.storyboard in Resources */ = {isa = PBXBuildFile; fileRef = 6ACD807029E973370077ED9C /* LaunchScreen.storyboard */; };
		6ACD807A29E973460077ED9C /* TextBootcamp.swift in Sources */ = {isa = PBXBuildFile; fileRef = 6ACD807929E973460077ED9C /* TextBootcamp.swift */; };
		6ACD807C29E9755A0077ED9C /* ShapesBootcamp.swift in Sources */ = {isa = PBXBuildFile; fileRef = 6ACD807B29E9755A0077ED9C /* ShapesBootcamp.swift */; };
		6ACD807E29E9777E0077ED9C /* ColorsBootcamp.swift in Sources */ = {isa = PBXBuildFile; fileRef = 6ACD807D29E9777E0077ED9C /* ColorsBootcamp.swift */; };
		6ACD808029E97EF30077ED9C /* GradientBootcamp.swift in Sources */ = {isa = PBXBuildFile; fileRef = 6ACD807F29E97EF30077ED9C /* GradientBootcamp.swift */; };
		6ACD808229E980010077ED9C /* IconBootcamp.swift in Sources */ = {isa = PBXBuildFile; fileRef = 6ACD808129E980010077ED9C /* IconBootcamp.swift */; };
		6ACD808429E980EA0077ED9C /* imageBootcamp.swift in Sources */ = {isa = PBXBuildFile; fileRef = 6ACD808329E980EA0077ED9C /* imageBootcamp.swift */; };
		6ACD808629E982240077ED9C /* FrameBootcamp.swift in Sources */ = {isa = PBXBuildFile; fileRef = 6ACD808529E982240077ED9C /* FrameBootcamp.swift */; };
		6ACD808829E987BB0077ED9C /* BackgroundAndOverlayBootcamp.swift in Sources */ = {isa = PBXBuildFile; fileRef = 6ACD808729E987BB0077ED9C /* BackgroundAndOverlayBootcamp.swift */; };
		6ACD808A29E98F2B0077ED9C /* StacksBootcamp.swift in Sources */ = {isa = PBXBuildFile; fileRef = 6ACD808929E98F2B0077ED9C /* StacksBootcamp.swift */; };
		6ACD808C29E992A90077ED9C /* PaddingAndSpacerBootcamp.swift in Sources */ = {isa = PBXBuildFile; fileRef = 6ACD808B29E992A90077ED9C /* PaddingAndSpacerBootcamp.swift */; };
		6ACD808E29E9991A0077ED9C /* InitializerNootcamp.swift in Sources */ = {isa = PBXBuildFile; fileRef = 6ACD808D29E9991A0077ED9C /* InitializerNootcamp.swift */; };
		6ACD809029E99BFF0077ED9C /* forEachBootcamp.swift in Sources */ = {isa = PBXBuildFile; fileRef = 6ACD808F29E99BFF0077ED9C /* forEachBootcamp.swift */; };
		6ACD809229E99D5D0077ED9C /* ScrollViewBootcamp.swift in Sources */ = {isa = PBXBuildFile; fileRef = 6ACD809129E99D5D0077ED9C /* ScrollViewBootcamp.swift */; };
		6ACD809429E9A2720077ED9C /* GridBootcamp.swift in Sources */ = {isa = PBXBuildFile; fileRef = 6ACD809329E9A2720077ED9C /* GridBootcamp.swift */; };
		6ACD809629E9B6360077ED9C /* SafeAreaBootcamp.swift in Sources */ = {isa = PBXBuildFile; fileRef = 6ACD809529E9B6360077ED9C /* SafeAreaBootcamp.swift */; };
		6ACD809829E9D3DD0077ED9C /* ButtonsBootcamp.swift in Sources */ = {isa = PBXBuildFile; fileRef = 6ACD809729E9D3DD0077ED9C /* ButtonsBootcamp.swift */; };
		6ACD809A29E9DB9A0077ED9C /* StateBootcamp.swift in Sources */ = {isa = PBXBuildFile; fileRef = 6ACD809929E9DB9A0077ED9C /* StateBootcamp.swift */; };
		6ACD809C29E9DF060077ED9C /* ExtractedFunctionsBootcamp.swift in Sources */ = {isa = PBXBuildFile; fileRef = 6ACD809B29E9DF060077ED9C /* ExtractedFunctionsBootcamp.swift */; };
		6ACD809E29E9EBEC0077ED9C /* ExtractSubViewBootcamp.swift in Sources */ = {isa = PBXBuildFile; fileRef = 6ACD809D29E9EBEC0077ED9C /* ExtractSubViewBootcamp.swift */; };
		6ACD80A329E9EE3B0077ED9C /* BindingBootcamp.swift in Sources */ = {isa = PBXBuildFile; fileRef = 6ACD80A229E9EE3B0077ED9C /* BindingBootcamp.swift */; };
/* End PBXBuildFile section */

/* Begin PBXFileReference section */
		6ACD806229E973360077ED9C /* SwiftUIBootcamp.app */ = {isa = PBXFileReference; explicitFileType = wrapper.application; includeInIndex = 0; path = SwiftUIBootcamp.app; sourceTree = BUILT_PRODUCTS_DIR; };
		6ACD806529E973360077ED9C /* AppDelegate.swift */ = {isa = PBXFileReference; lastKnownFileType = sourcecode.swift; path = AppDelegate.swift; sourceTree = "<group>"; };
		6ACD806729E973360077ED9C /* SceneDelegate.swift */ = {isa = PBXFileReference; lastKnownFileType = sourcecode.swift; path = SceneDelegate.swift; sourceTree = "<group>"; };
		6ACD806929E973360077ED9C /* ViewController.swift */ = {isa = PBXFileReference; lastKnownFileType = sourcecode.swift; path = ViewController.swift; sourceTree = "<group>"; };
		6ACD806C29E973360077ED9C /* Base */ = {isa = PBXFileReference; lastKnownFileType = file.storyboard; name = Base; path = Base.lproj/Main.storyboard; sourceTree = "<group>"; };
		6ACD806E29E973370077ED9C /* Assets.xcassets */ = {isa = PBXFileReference; lastKnownFileType = folder.assetcatalog; path = Assets.xcassets; sourceTree = "<group>"; };
		6ACD807129E973370077ED9C /* Base */ = {isa = PBXFileReference; lastKnownFileType = file.storyboard; name = Base; path = Base.lproj/LaunchScreen.storyboard; sourceTree = "<group>"; };
		6ACD807329E973370077ED9C /* Info.plist */ = {isa = PBXFileReference; lastKnownFileType = text.plist.xml; path = Info.plist; sourceTree = "<group>"; };
		6ACD807929E973460077ED9C /* TextBootcamp.swift */ = {isa = PBXFileReference; lastKnownFileType = sourcecode.swift; path = TextBootcamp.swift; sourceTree = "<group>"; };
		6ACD807B29E9755A0077ED9C /* ShapesBootcamp.swift */ = {isa = PBXFileReference; lastKnownFileType = sourcecode.swift; path = ShapesBootcamp.swift; sourceTree = "<group>"; };
		6ACD807D29E9777E0077ED9C /* ColorsBootcamp.swift */ = {isa = PBXFileReference; lastKnownFileType = sourcecode.swift; path = ColorsBootcamp.swift; sourceTree = "<group>"; };
		6ACD807F29E97EF30077ED9C /* GradientBootcamp.swift */ = {isa = PBXFileReference; lastKnownFileType = sourcecode.swift; path = GradientBootcamp.swift; sourceTree = "<group>"; };
		6ACD808129E980010077ED9C /* IconBootcamp.swift */ = {isa = PBXFileReference; lastKnownFileType = sourcecode.swift; path = IconBootcamp.swift; sourceTree = "<group>"; };
		6ACD808329E980EA0077ED9C /* imageBootcamp.swift */ = {isa = PBXFileReference; lastKnownFileType = sourcecode.swift; path = imageBootcamp.swift; sourceTree = "<group>"; };
		6ACD808529E982240077ED9C /* FrameBootcamp.swift */ = {isa = PBXFileReference; lastKnownFileType = sourcecode.swift; path = FrameBootcamp.swift; sourceTree = "<group>"; };
		6ACD808729E987BB0077ED9C /* BackgroundAndOverlayBootcamp.swift */ = {isa = PBXFileReference; lastKnownFileType = sourcecode.swift; path = BackgroundAndOverlayBootcamp.swift; sourceTree = "<group>"; };
		6ACD808929E98F2B0077ED9C /* StacksBootcamp.swift */ = {isa = PBXFileReference; lastKnownFileType = sourcecode.swift; path = StacksBootcamp.swift; sourceTree = "<group>"; };
		6ACD808B29E992A90077ED9C /* PaddingAndSpacerBootcamp.swift */ = {isa = PBXFileReference; lastKnownFileType = sourcecode.swift; path = PaddingAndSpacerBootcamp.swift; sourceTree = "<group>"; };
		6ACD808D29E9991A0077ED9C /* InitializerNootcamp.swift */ = {isa = PBXFileReference; lastKnownFileType = sourcecode.swift; path = InitializerNootcamp.swift; sourceTree = "<group>"; };
		6ACD808F29E99BFF0077ED9C /* forEachBootcamp.swift */ = {isa = PBXFileReference; lastKnownFileType = sourcecode.swift; path = forEachBootcamp.swift; sourceTree = "<group>"; };
		6ACD809129E99D5D0077ED9C /* ScrollViewBootcamp.swift */ = {isa = PBXFileReference; lastKnownFileType = sourcecode.swift; path = ScrollViewBootcamp.swift; sourceTree = "<group>"; };
		6ACD809329E9A2720077ED9C /* GridBootcamp.swift */ = {isa = PBXFileReference; lastKnownFileType = sourcecode.swift; path = GridBootcamp.swift; sourceTree = "<group>"; };
		6ACD809529E9B6360077ED9C /* SafeAreaBootcamp.swift */ = {isa = PBXFileReference; lastKnownFileType = sourcecode.swift; path = SafeAreaBootcamp.swift; sourceTree = "<group>"; };
		6ACD809729E9D3DD0077ED9C /* ButtonsBootcamp.swift */ = {isa = PBXFileReference; lastKnownFileType = sourcecode.swift; path = ButtonsBootcamp.swift; sourceTree = "<group>"; };
		6ACD809929E9DB9A0077ED9C /* StateBootcamp.swift */ = {isa = PBXFileReference; lastKnownFileType = sourcecode.swift; path = StateBootcamp.swift; sourceTree = "<group>"; };
		6ACD809B29E9DF060077ED9C /* ExtractedFunctionsBootcamp.swift */ = {isa = PBXFileReference; lastKnownFileType = sourcecode.swift; path = ExtractedFunctionsBootcamp.swift; sourceTree = "<group>"; };
		6ACD809D29E9EBEC0077ED9C /* ExtractSubViewBootcamp.swift */ = {isa = PBXFileReference; lastKnownFileType = sourcecode.swift; path = ExtractSubViewBootcamp.swift; sourceTree = "<group>"; };
		6ACD80A229E9EE3B0077ED9C /* BindingBootcamp.swift */ = {isa = PBXFileReference; lastKnownFileType = sourcecode.swift; path = BindingBootcamp.swift; sourceTree = "<group>"; };
/* End PBXFileReference section */

/* Begin PBXFrameworksBuildPhase section */
		6ACD805F29E973360077ED9C /* Frameworks */ = {
			isa = PBXFrameworksBuildPhase;
			buildActionMask = 2147483647;
			files = (
			);
			runOnlyForDeploymentPostprocessing = 0;
		};
/* End PBXFrameworksBuildPhase section */

/* Begin PBXGroup section */
		6ACD805929E973360077ED9C = {
			isa = PBXGroup;
			children = (
				6ACD806429E973360077ED9C /* SwiftUIBootcamp */,
				6ACD806329E973360077ED9C /* Products */,
			);
			sourceTree = "<group>";
		};
		6ACD806329E973360077ED9C /* Products */ = {
			isa = PBXGroup;
			children = (
				6ACD806229E973360077ED9C /* SwiftUIBootcamp.app */,
			);
			name = Products;
			sourceTree = "<group>";
		};
		6ACD806429E973360077ED9C /* SwiftUIBootcamp */ = {
			isa = PBXGroup;
			children = (
				6ACD806529E973360077ED9C /* AppDelegate.swift */,
				6ACD806729E973360077ED9C /* SceneDelegate.swift */,
				6ACD806929E973360077ED9C /* ViewController.swift */,
				6ACD806B29E973360077ED9C /* Main.storyboard */,
				6ACD806E29E973370077ED9C /* Assets.xcassets */,
				6ACD807029E973370077ED9C /* LaunchScreen.storyboard */,
				6ACD807329E973370077ED9C /* Info.plist */,
				6ACD807929E973460077ED9C /* TextBootcamp.swift */,
				6ACD807B29E9755A0077ED9C /* ShapesBootcamp.swift */,
				6ACD807D29E9777E0077ED9C /* ColorsBootcamp.swift */,
				6ACD807F29E97EF30077ED9C /* GradientBootcamp.swift */,
				6ACD808129E980010077ED9C /* IconBootcamp.swift */,
				6ACD808329E980EA0077ED9C /* imageBootcamp.swift */,
				6ACD808529E982240077ED9C /* FrameBootcamp.swift */,
				6ACD808729E987BB0077ED9C /* BackgroundAndOverlayBootcamp.swift */,
				6ACD808929E98F2B0077ED9C /* StacksBootcamp.swift */,
				6ACD808B29E992A90077ED9C /* PaddingAndSpacerBootcamp.swift */,
				6ACD808D29E9991A0077ED9C /* InitializerNootcamp.swift */,
				6ACD808F29E99BFF0077ED9C /* forEachBootcamp.swift */,
				6ACD809129E99D5D0077ED9C /* ScrollViewBootcamp.swift */,
				6ACD809329E9A2720077ED9C /* GridBootcamp.swift */,
				6ACD809529E9B6360077ED9C /* SafeAreaBootcamp.swift */,
				6ACD809729E9D3DD0077ED9C /* ButtonsBootcamp.swift */,
				6ACD809929E9DB9A0077ED9C /* StateBootcamp.swift */,
				6ACD809B29E9DF060077ED9C /* ExtractedFunctionsBootcamp.swift */,
				6ACD809D29E9EBEC0077ED9C /* ExtractSubViewBootcamp.swift */,
				6ACD80A229E9EE3B0077ED9C /* BindingBootcamp.swift */,
			);
			path = SwiftUIBootcamp;
			sourceTree = "<group>";
		};
/* End PBXGroup section */

/* Begin PBXNativeTarget section */
		6ACD806129E973360077ED9C /* SwiftUIBootcamp */ = {
			isa = PBXNativeTarget;
			buildConfigurationList = 6ACD807629E973370077ED9C /* Build configuration list for PBXNativeTarget "SwiftUIBootcamp" */;
			buildPhases = (
				6ACD805E29E973360077ED9C /* Sources */,
				6ACD805F29E973360077ED9C /* Frameworks */,
				6ACD806029E973360077ED9C /* Resources */,
			);
			buildRules = (
			);
			dependencies = (
			);
			name = SwiftUIBootcamp;
			productName = SwiftUIBootcamp;
			productReference = 6ACD806229E973360077ED9C /* SwiftUIBootcamp.app */;
			productType = "com.apple.product-type.application";
		};
/* End PBXNativeTarget section */

/* Begin PBXProject section */
		6ACD805A29E973360077ED9C /* Project object */ = {
			isa = PBXProject;
			attributes = {
				BuildIndependentTargetsInParallel = 1;
				LastSwiftUpdateCheck = 1400;
				LastUpgradeCheck = 1400;
				TargetAttributes = {
					6ACD806129E973360077ED9C = {
						CreatedOnToolsVersion = 14.0.1;
					};
				};
			};
			buildConfigurationList = 6ACD805D29E973360077ED9C /* Build configuration list for PBXProject "SwiftUIBootcamp" */;
			compatibilityVersion = "Xcode 14.0";
			developmentRegion = en;
			hasScannedForEncodings = 0;
			knownRegions = (
				en,
				Base,
			);
			mainGroup = 6ACD805929E973360077ED9C;
			productRefGroup = 6ACD806329E973360077ED9C /* Products */;
			projectDirPath = "";
			projectRoot = "";
			targets = (
				6ACD806129E973360077ED9C /* SwiftUIBootcamp */,
			);
		};
/* End PBXProject section */

/* Begin PBXResourcesBuildPhase section */
		6ACD806029E973360077ED9C /* Resources */ = {
			isa = PBXResourcesBuildPhase;
			buildActionMask = 2147483647;
			files = (
				6ACD807229E973370077ED9C /* LaunchScreen.storyboard in Resources */,
				6ACD806F29E973370077ED9C /* Assets.xcassets in Resources */,
				6ACD806D29E973360077ED9C /* Main.storyboard in Resources */,
			);
			runOnlyForDeploymentPostprocessing = 0;
		};
/* End PBXResourcesBuildPhase section */

/* Begin PBXSourcesBuildPhase section */
		6ACD805E29E973360077ED9C /* Sources */ = {
			isa = PBXSourcesBuildPhase;
			buildActionMask = 2147483647;
			files = (
				6ACD809E29E9EBEC0077ED9C /* ExtractSubViewBootcamp.swift in Sources */,
				6ACD809A29E9DB9A0077ED9C /* StateBootcamp.swift in Sources */,
				6ACD808029E97EF30077ED9C /* GradientBootcamp.swift in Sources */,
				6ACD807C29E9755A0077ED9C /* ShapesBootcamp.swift in Sources */,
				6ACD809229E99D5D0077ED9C /* ScrollViewBootcamp.swift in Sources */,
				6ACD806A29E973360077ED9C /* ViewController.swift in Sources */,
				6ACD808229E980010077ED9C /* IconBootcamp.swift in Sources */,
				6ACD806629E973360077ED9C /* AppDelegate.swift in Sources */,
				6ACD809C29E9DF060077ED9C /* ExtractedFunctionsBootcamp.swift in Sources */,
				6ACD806829E973360077ED9C /* SceneDelegate.swift in Sources */,
				6ACD807E29E9777E0077ED9C /* ColorsBootcamp.swift in Sources */,
				6ACD809829E9D3DD0077ED9C /* ButtonsBootcamp.swift in Sources */,
				6ACD809629E9B6360077ED9C /* SafeAreaBootcamp.swift in Sources */,
				6ACD808829E987BB0077ED9C /* BackgroundAndOverlayBootcamp.swift in Sources */,
				6ACD807A29E973460077ED9C /* TextBootcamp.swift in Sources */,
				6ACD808A29E98F2B0077ED9C /* StacksBootcamp.swift in Sources */,
				6ACD808629E982240077ED9C /* FrameBootcamp.swift in Sources */,
				6ACD809029E99BFF0077ED9C /* forEachBootcamp.swift in Sources */,
				6ACD80A329E9EE3B0077ED9C /* BindingBootcamp.swift in Sources */,
				6ACD808429E980EA0077ED9C /* imageBootcamp.swift in Sources */,
				6ACD809429E9A2720077ED9C /* GridBootcamp.swift in Sources */,
				6ACD808C29E992A90077ED9C /* PaddingAndSpacerBootcamp.swift in Sources */,
				6ACD808E29E9991A0077ED9C /* InitializerNootcamp.swift in Sources */,
			);
			runOnlyForDeploymentPostprocessing = 0;
		};
/* End PBXSourcesBuildPhase section */

/* Begin PBXVariantGroup section */
		6ACD806B29E973360077ED9C /* Main.storyboard */ = {
			isa = PBXVariantGroup;
			children = (
				6ACD806C29E973360077ED9C /* Base */,
			);
			name = Main.storyboard;
			sourceTree = "<group>";
		};
		6ACD807029E973370077ED9C /* LaunchScreen.storyboard */ = {
			isa = PBXVariantGroup;
			children = (
				6ACD807129E973370077ED9C /* Base */,
			);
			name = LaunchScreen.storyboard;
			sourceTree = "<group>";
		};
/* End PBXVariantGroup section */

/* Begin XCBuildConfiguration section */
		6ACD807429E973370077ED9C /* Debug */ = {
			isa = XCBuildConfiguration;
			buildSettings = {
				ALWAYS_SEARCH_USER_PATHS = NO;
				CLANG_ANALYZER_NONNULL = YES;
				CLANG_ANALYZER_NUMBER_OBJECT_CONVERSION = YES_AGGRESSIVE;
				CLANG_CXX_LANGUAGE_STANDARD = "gnu++20";
				CLANG_ENABLE_MODULES = YES;
				CLANG_ENABLE_OBJC_ARC = YES;
				CLANG_ENABLE_OBJC_WEAK = YES;
				CLANG_WARN_BLOCK_CAPTURE_AUTORELEASING = YES;
				CLANG_WARN_BOOL_CONVERSION = YES;
				CLANG_WARN_COMMA = YES;
				CLANG_WARN_CONSTANT_CONVERSION = YES;
				CLANG_WARN_DEPRECATED_OBJC_IMPLEMENTATIONS = YES;
				CLANG_WARN_DIRECT_OBJC_ISA_USAGE = YES_ERROR;
				CLANG_WARN_DOCUMENTATION_COMMENTS = YES;
				CLANG_WARN_EMPTY_BODY = YES;
				CLANG_WARN_ENUM_CONVERSION = YES;
				CLANG_WARN_INFINITE_RECURSION = YES;
				CLANG_WARN_INT_CONVERSION = YES;
				CLANG_WARN_NON_LITERAL_NULL_CONVERSION = YES;
				CLANG_WARN_OBJC_IMPLICIT_RETAIN_SELF = YES;
				CLANG_WARN_OBJC_LITERAL_CONVERSION = YES;
				CLANG_WARN_OBJC_ROOT_CLASS = YES_ERROR;
				CLANG_WARN_QUOTED_INCLUDE_IN_FRAMEWORK_HEADER = YES;
				CLANG_WARN_RANGE_LOOP_ANALYSIS = YES;
				CLANG_WARN_STRICT_PROTOTYPES = YES;
				CLANG_WARN_SUSPICIOUS_MOVE = YES;
				CLANG_WARN_UNGUARDED_AVAILABILITY = YES_AGGRESSIVE;
				CLANG_WARN_UNREACHABLE_CODE = YES;
				CLANG_WARN__DUPLICATE_METHOD_MATCH = YES;
				COPY_PHASE_STRIP = NO;
				DEBUG_INFORMATION_FORMAT = dwarf;
				ENABLE_STRICT_OBJC_MSGSEND = YES;
				ENABLE_TESTABILITY = YES;
				GCC_C_LANGUAGE_STANDARD = gnu11;
				GCC_DYNAMIC_NO_PIC = NO;
				GCC_NO_COMMON_BLOCKS = YES;
				GCC_OPTIMIZATION_LEVEL = 0;
				GCC_PREPROCESSOR_DEFINITIONS = (
					"DEBUG=1",
					"$(inherited)",
				);
				GCC_WARN_64_TO_32_BIT_CONVERSION = YES;
				GCC_WARN_ABOUT_RETURN_TYPE = YES_ERROR;
				GCC_WARN_UNDECLARED_SELECTOR = YES;
				GCC_WARN_UNINITIALIZED_AUTOS = YES_AGGRESSIVE;
				GCC_WARN_UNUSED_FUNCTION = YES;
				GCC_WARN_UNUSED_VARIABLE = YES;
				IPHONEOS_DEPLOYMENT_TARGET = 16.0;
				MTL_ENABLE_DEBUG_INFO = INCLUDE_SOURCE;
				MTL_FAST_MATH = YES;
				ONLY_ACTIVE_ARCH = YES;
				SDKROOT = iphoneos;
				SWIFT_ACTIVE_COMPILATION_CONDITIONS = DEBUG;
				SWIFT_OPTIMIZATION_LEVEL = "-Onone";
			};
			name = Debug;
		};
		6ACD807529E973370077ED9C /* Release */ = {
			isa = XCBuildConfiguration;
			buildSettings = {
				ALWAYS_SEARCH_USER_PATHS = NO;
				CLANG_ANALYZER_NONNULL = YES;
				CLANG_ANALYZER_NUMBER_OBJECT_CONVERSION = YES_AGGRESSIVE;
				CLANG_CXX_LANGUAGE_STANDARD = "gnu++20";
				CLANG_ENABLE_MODULES = YES;
				CLANG_ENABLE_OBJC_ARC = YES;
				CLANG_ENABLE_OBJC_WEAK = YES;
				CLANG_WARN_BLOCK_CAPTURE_AUTORELEASING = YES;
				CLANG_WARN_BOOL_CONVERSION = YES;
				CLANG_WARN_COMMA = YES;
				CLANG_WARN_CONSTANT_CONVERSION = YES;
				CLANG_WARN_DEPRECATED_OBJC_IMPLEMENTATIONS = YES;
				CLANG_WARN_DIRECT_OBJC_ISA_USAGE = YES_ERROR;
				CLANG_WARN_DOCUMENTATION_COMMENTS = YES;
				CLANG_WARN_EMPTY_BODY = YES;
				CLANG_WARN_ENUM_CONVERSION = YES;
				CLANG_WARN_INFINITE_RECURSION = YES;
				CLANG_WARN_INT_CONVERSION = YES;
				CLANG_WARN_NON_LITERAL_NULL_CONVERSION = YES;
				CLANG_WARN_OBJC_IMPLICIT_RETAIN_SELF = YES;
				CLANG_WARN_OBJC_LITERAL_CONVERSION = YES;
				CLANG_WARN_OBJC_ROOT_CLASS = YES_ERROR;
				CLANG_WARN_QUOTED_INCLUDE_IN_FRAMEWORK_HEADER = YES;
				CLANG_WARN_RANGE_LOOP_ANALYSIS = YES;
				CLANG_WARN_STRICT_PROTOTYPES = YES;
				CLANG_WARN_SUSPICIOUS_MOVE = YES;
				CLANG_WARN_UNGUARDED_AVAILABILITY = YES_AGGRESSIVE;
				CLANG_WARN_UNREACHABLE_CODE = YES;
				CLANG_WARN__DUPLICATE_METHOD_MATCH = YES;
				COPY_PHASE_STRIP = NO;
				DEBUG_INFORMATION_FORMAT = "dwarf-with-dsym";
				ENABLE_NS_ASSERTIONS = NO;
				ENABLE_STRICT_OBJC_MSGSEND = YES;
				GCC_C_LANGUAGE_STANDARD = gnu11;
				GCC_NO_COMMON_BLOCKS = YES;
				GCC_WARN_64_TO_32_BIT_CONVERSION = YES;
				GCC_WARN_ABOUT_RETURN_TYPE = YES_ERROR;
				GCC_WARN_UNDECLARED_SELECTOR = YES;
				GCC_WARN_UNINITIALIZED_AUTOS = YES_AGGRESSIVE;
				GCC_WARN_UNUSED_FUNCTION = YES;
				GCC_WARN_UNUSED_VARIABLE = YES;
				IPHONEOS_DEPLOYMENT_TARGET = 16.0;
				MTL_ENABLE_DEBUG_INFO = NO;
				MTL_FAST_MATH = YES;
				SDKROOT = iphoneos;
				SWIFT_COMPILATION_MODE = wholemodule;
				SWIFT_OPTIMIZATION_LEVEL = "-O";
				VALIDATE_PRODUCT = YES;
			};
			name = Release;
		};
		6ACD807729E973370077ED9C /* Debug */ = {
			isa = XCBuildConfiguration;
			buildSettings = {
				ASSETCATALOG_COMPILER_APPICON_NAME = AppIcon;
				ASSETCATALOG_COMPILER_GLOBAL_ACCENT_COLOR_NAME = AccentColor;
				CODE_SIGN_STYLE = Automatic;
				CURRENT_PROJECT_VERSION = 1;
				DEVELOPMENT_TEAM = Y5JW4F4D62;
				GENERATE_INFOPLIST_FILE = YES;
				INFOPLIST_FILE = SwiftUIBootcamp/Info.plist;
				INFOPLIST_KEY_UIApplicationSupportsIndirectInputEvents = YES;
				INFOPLIST_KEY_UILaunchStoryboardName = LaunchScreen;
				INFOPLIST_KEY_UIMainStoryboardFile = Main;
				INFOPLIST_KEY_UISupportedInterfaceOrientations_iPad = "UIInterfaceOrientationPortrait UIInterfaceOrientationPortraitUpsideDown UIInterfaceOrientationLandscapeLeft UIInterfaceOrientationLandscapeRight";
				INFOPLIST_KEY_UISupportedInterfaceOrientations_iPhone = "UIInterfaceOrientationPortrait UIInterfaceOrientationLandscapeLeft UIInterfaceOrientationLandscapeRight";
				LD_RUNPATH_SEARCH_PATHS = (
					"$(inherited)",
					"@executable_path/Frameworks",
				);
				MARKETING_VERSION = 1.0;
				PRODUCT_BUNDLE_IDENTIFIER = com.elifbilgeparlak.SwiftUIBootcamp;
				PRODUCT_NAME = "$(TARGET_NAME)";
				SWIFT_EMIT_LOC_STRINGS = YES;
				SWIFT_VERSION = 5.0;
				TARGETED_DEVICE_FAMILY = "1,2";
			};
			name = Debug;
		};
		6ACD807829E973370077ED9C /* Release */ = {
			isa = XCBuildConfiguration;
			buildSettings = {
				ASSETCATALOG_COMPILER_APPICON_NAME = AppIcon;
				ASSETCATALOG_COMPILER_GLOBAL_ACCENT_COLOR_NAME = AccentColor;
				CODE_SIGN_STYLE = Automatic;
				CURRENT_PROJECT_VERSION = 1;
				DEVELOPMENT_TEAM = Y5JW4F4D62;
				GENERATE_INFOPLIST_FILE = YES;
				INFOPLIST_FILE = SwiftUIBootcamp/Info.plist;
				INFOPLIST_KEY_UIApplicationSupportsIndirectInputEvents = YES;
				INFOPLIST_KEY_UILaunchStoryboardName = LaunchScreen;
				INFOPLIST_KEY_UIMainStoryboardFile = Main;
				INFOPLIST_KEY_UISupportedInterfaceOrientations_iPad = "UIInterfaceOrientationPortrait UIInterfaceOrientationPortraitUpsideDown UIInterfaceOrientationLandscapeLeft UIInterfaceOrientationLandscapeRight";
				INFOPLIST_KEY_UISupportedInterfaceOrientations_iPhone = "UIInterfaceOrientationPortrait UIInterfaceOrientationLandscapeLeft UIInterfaceOrientationLandscapeRight";
				LD_RUNPATH_SEARCH_PATHS = (
					"$(inherited)",
					"@executable_path/Frameworks",
				);
				MARKETING_VERSION = 1.0;
				PRODUCT_BUNDLE_IDENTIFIER = com.elifbilgeparlak.SwiftUIBootcamp;
				PRODUCT_NAME = "$(TARGET_NAME)";
				SWIFT_EMIT_LOC_STRINGS = YES;
				SWIFT_VERSION = 5.0;
				TARGETED_DEVICE_FAMILY = "1,2";
			};
			name = Release;
		};
/* End XCBuildConfiguration section */

/* Begin XCConfigurationList section */
		6ACD805D29E973360077ED9C /* Build configuration list for PBXProject "SwiftUIBootcamp" */ = {
			isa = XCConfigurationList;
			buildConfigurations = (
				6ACD807429E973370077ED9C /* Debug */,
				6ACD807529E973370077ED9C /* Release */,
			);
			defaultConfigurationIsVisible = 0;
			defaultConfigurationName = Release;
		};
		6ACD807629E973370077ED9C /* Build configuration list for PBXNativeTarget "SwiftUIBootcamp" */ = {
			isa = XCConfigurationList;
			buildConfigurations = (
				6ACD807729E973370077ED9C /* Debug */,
				6ACD807829E973370077ED9C /* Release */,
			);
			defaultConfigurationIsVisible = 0;
			defaultConfigurationName = Release;
		};
/* End XCConfigurationList section */
	};
	rootObject = 6ACD805A29E973360077ED9C /* Project object */;
}
